// !$*UTF8*$!
{
	archiveVersion = 1;
	classes = {
	};
	objectVersion = 46;
	objects = {

/* Begin PBXBuildFile section */
		5493F5C01C0FE1A500B6E033 /* main.m in Sources */ = {isa = PBXBuildFile; fileRef = 5493F5BF1C0FE1A500B6E033 /* main.m */; };
		5493F5C31C0FE1A500B6E033 /* AppDelegate.m in Sources */ = {isa = PBXBuildFile; fileRef = 5493F5C21C0FE1A500B6E033 /* AppDelegate.m */; };
		5493F5C61C0FE1A500B6E033 /* ViewController.m in Sources */ = {isa = PBXBuildFile; fileRef = 5493F5C51C0FE1A500B6E033 /* ViewController.m */; };
		5493F5C91C0FE1A500B6E033 /* Main.storyboard in Resources */ = {isa = PBXBuildFile; fileRef = 5493F5C71C0FE1A500B6E033 /* Main.storyboard */; };
		5493F5CB1C0FE1A500B6E033 /* Assets.xcassets in Resources */ = {isa = PBXBuildFile; fileRef = 5493F5CA1C0FE1A500B6E033 /* Assets.xcassets */; };
		5493F5CE1C0FE1A500B6E033 /* LaunchScreen.storyboard in Resources */ = {isa = PBXBuildFile; fileRef = 5493F5CC1C0FE1A500B6E033 /* LaunchScreen.storyboard */; };
		5493F5D91C0FE1A500B6E033 /* gpuBEEPSTests.m in Sources */ = {isa = PBXBuildFile; fileRef = 5493F5D81C0FE1A500B6E033 /* gpuBEEPSTests.m */; };
		5493F5E41C0FE1A500B6E033 /* gpuBEEPSUITests.m in Sources */ = {isa = PBXBuildFile; fileRef = 5493F5E31C0FE1A500B6E033 /* gpuBEEPSUITests.m */; };
/* End PBXBuildFile section */

/* Begin PBXContainerItemProxy section */
		5493F5D51C0FE1A500B6E033 /* PBXContainerItemProxy */ = {
			isa = PBXContainerItemProxy;
			containerPortal = 5493F5B31C0FE1A500B6E033 /* Project object */;
			proxyType = 1;
			remoteGlobalIDString = 5493F5BA1C0FE1A500B6E033;
			remoteInfo = gpuBEEPS;
		};
		5493F5E01C0FE1A500B6E033 /* PBXContainerItemProxy */ = {
			isa = PBXContainerItemProxy;
			containerPortal = 5493F5B31C0FE1A500B6E033 /* Project object */;
			proxyType = 1;
			remoteGlobalIDString = 5493F5BA1C0FE1A500B6E033;
			remoteInfo = gpuBEEPS;
		};
/* End PBXContainerItemProxy section */

/* Begin PBXFileReference section */
		5493F5BB1C0FE1A500B6E033 /* gpuBEEPS.app */ = {isa = PBXFileReference; explicitFileType = wrapper.application; includeInIndex = 0; path = gpuBEEPS.app; sourceTree = BUILT_PRODUCTS_DIR; };
		5493F5BF1C0FE1A500B6E033 /* main.m */ = {isa = PBXFileReference; lastKnownFileType = sourcecode.c.objc; path = main.m; sourceTree = "<group>"; };
		5493F5C11C0FE1A500B6E033 /* AppDelegate.h */ = {isa = PBXFileReference; lastKnownFileType = sourcecode.c.h; path = AppDelegate.h; sourceTree = "<group>"; };
		5493F5C21C0FE1A500B6E033 /* AppDelegate.m */ = {isa = PBXFileReference; lastKnownFileType = sourcecode.c.objc; path = AppDelegate.m; sourceTree = "<group>"; };
		5493F5C41C0FE1A500B6E033 /* ViewController.h */ = {isa = PBXFileReference; lastKnownFileType = sourcecode.c.h; path = ViewController.h; sourceTree = "<group>"; };
		5493F5C51C0FE1A500B6E033 /* ViewController.m */ = {isa = PBXFileReference; lastKnownFileType = sourcecode.c.objc; path = ViewController.m; sourceTree = "<group>"; };
		5493F5C81C0FE1A500B6E033 /* Base */ = {isa = PBXFileReference; lastKnownFileType = file.storyboard; name = Base; path = Base.lproj/Main.storyboard; sourceTree = "<group>"; };
		5493F5CA1C0FE1A500B6E033 /* Assets.xcassets */ = {isa = PBXFileReference; lastKnownFileType = folder.assetcatalog; path = Assets.xcassets; sourceTree = "<group>"; };
		5493F5CD1C0FE1A500B6E033 /* Base */ = {isa = PBXFileReference; lastKnownFileType = file.storyboard; name = Base; path = Base.lproj/LaunchScreen.storyboard; sourceTree = "<group>"; };
		5493F5CF1C0FE1A500B6E033 /* Info.plist */ = {isa = PBXFileReference; lastKnownFileType = text.plist.xml; path = Info.plist; sourceTree = "<group>"; };
		5493F5D41C0FE1A500B6E033 /* gpuBEEPSTests.xctest */ = {isa = PBXFileReference; explicitFileType = wrapper.cfbundle; includeInIndex = 0; path = gpuBEEPSTests.xctest; sourceTree = BUILT_PRODUCTS_DIR; };
		5493F5D81C0FE1A500B6E033 /* gpuBEEPSTests.m */ = {isa = PBXFileReference; lastKnownFileType = sourcecode.c.objc; path = gpuBEEPSTests.m; sourceTree = "<group>"; };
		5493F5DA1C0FE1A500B6E033 /* Info.plist */ = {isa = PBXFileReference; lastKnownFileType = text.plist.xml; path = Info.plist; sourceTree = "<group>"; };
		5493F5DF1C0FE1A500B6E033 /* gpuBEEPSUITests.xctest */ = {isa = PBXFileReference; explicitFileType = wrapper.cfbundle; includeInIndex = 0; path = gpuBEEPSUITests.xctest; sourceTree = BUILT_PRODUCTS_DIR; };
		5493F5E31C0FE1A500B6E033 /* gpuBEEPSUITests.m */ = {isa = PBXFileReference; lastKnownFileType = sourcecode.c.objc; path = gpuBEEPSUITests.m; sourceTree = "<group>"; };
		5493F5E51C0FE1A500B6E033 /* Info.plist */ = {isa = PBXFileReference; lastKnownFileType = text.plist.xml; path = Info.plist; sourceTree = "<group>"; };
/* End PBXFileReference section */

/* Begin PBXFrameworksBuildPhase section */
		5493F5B81C0FE1A500B6E033 /* Frameworks */ = {
			isa = PBXFrameworksBuildPhase;
			buildActionMask = 2147483647;
			files = (
			);
			runOnlyForDeploymentPostprocessing = 0;
		};
		5493F5D11C0FE1A500B6E033 /* Frameworks */ = {
			isa = PBXFrameworksBuildPhase;
			buildActionMask = 2147483647;
			files = (
			);
			runOnlyForDeploymentPostprocessing = 0;
		};
		5493F5DC1C0FE1A500B6E033 /* Frameworks */ = {
			isa = PBXFrameworksBuildPhase;
			buildActionMask = 2147483647;
			files = (
			);
			runOnlyForDeploymentPostprocessing = 0;
		};
/* End PBXFrameworksBuildPhase section */

/* Begin PBXGroup section */
		5493F5B21C0FE1A500B6E033 = {
			isa = PBXGroup;
			children = (
				5493F5BD1C0FE1A500B6E033 /* gpuBEEPS */,
				5493F5D71C0FE1A500B6E033 /* gpuBEEPSTests */,
				5493F5E21C0FE1A500B6E033 /* gpuBEEPSUITests */,
				5493F5BC1C0FE1A500B6E033 /* Products */,
			);
			sourceTree = "<group>";
		};
		5493F5BC1C0FE1A500B6E033 /* Products */ = {
			isa = PBXGroup;
			children = (
				5493F5BB1C0FE1A500B6E033 /* gpuBEEPS.app */,
				5493F5D41C0FE1A500B6E033 /* gpuBEEPSTests.xctest */,
				5493F5DF1C0FE1A500B6E033 /* gpuBEEPSUITests.xctest */,
			);
			name = Products;
			sourceTree = "<group>";
		};
		5493F5BD1C0FE1A500B6E033 /* gpuBEEPS */ = {
			isa = PBXGroup;
			children = (
				5493F5C11C0FE1A500B6E033 /* AppDelegate.h */,
				5493F5C21C0FE1A500B6E033 /* AppDelegate.m */,
				5493F5C41C0FE1A500B6E033 /* ViewController.h */,
				5493F5C51C0FE1A500B6E033 /* ViewController.m */,
				5493F5C71C0FE1A500B6E033 /* Main.storyboard */,
				5493F5CA1C0FE1A500B6E033 /* Assets.xcassets */,
				5493F5CC1C0FE1A500B6E033 /* LaunchScreen.storyboard */,
				5493F5CF1C0FE1A500B6E033 /* Info.plist */,
				5493F5BE1C0FE1A500B6E033 /* Supporting Files */,
			);
			path = gpuBEEPS;
			sourceTree = "<group>";
		};
		5493F5BE1C0FE1A500B6E033 /* Supporting Files */ = {
			isa = PBXGroup;
			children = (
				5493F5BF1C0FE1A500B6E033 /* main.m */,
			);
			name = "Supporting Files";
			sourceTree = "<group>";
		};
		5493F5D71C0FE1A500B6E033 /* gpuBEEPSTests */ = {
			isa = PBXGroup;
			children = (
				5493F5D81C0FE1A500B6E033 /* gpuBEEPSTests.m */,
				5493F5DA1C0FE1A500B6E033 /* Info.plist */,
			);
			path = gpuBEEPSTests;
			sourceTree = "<group>";
		};
		5493F5E21C0FE1A500B6E033 /* gpuBEEPSUITests */ = {
			isa = PBXGroup;
			children = (
				5493F5E31C0FE1A500B6E033 /* gpuBEEPSUITests.m */,
				5493F5E51C0FE1A500B6E033 /* Info.plist */,
			);
			path = gpuBEEPSUITests;
			sourceTree = "<group>";
		};
/* End PBXGroup section */

/* Begin PBXNativeTarget section */
		5493F5BA1C0FE1A500B6E033 /* gpuBEEPS */ = {
			isa = PBXNativeTarget;
			buildConfigurationList = 5493F5E81C0FE1A500B6E033 /* Build configuration list for PBXNativeTarget "gpuBEEPS" */;
			buildPhases = (
				5493F5B71C0FE1A500B6E033 /* Sources */,
				5493F5B81C0FE1A500B6E033 /* Frameworks */,
				5493F5B91C0FE1A500B6E033 /* Resources */,
			);
			buildRules = (
			);
			dependencies = (
			);
			name = gpuBEEPS;
			productName = gpuBEEPS;
			productReference = 5493F5BB1C0FE1A500B6E033 /* gpuBEEPS.app */;
			productType = "com.apple.product-type.application";
		};
		5493F5D31C0FE1A500B6E033 /* gpuBEEPSTests */ = {
			isa = PBXNativeTarget;
			buildConfigurationList = 5493F5EB1C0FE1A500B6E033 /* Build configuration list for PBXNativeTarget "gpuBEEPSTests" */;
			buildPhases = (
				5493F5D01C0FE1A500B6E033 /* Sources */,
				5493F5D11C0FE1A500B6E033 /* Frameworks */,
				5493F5D21C0FE1A500B6E033 /* Resources */,
			);
			buildRules = (
			);
			dependencies = (
				5493F5D61C0FE1A500B6E033 /* PBXTargetDependency */,
			);
			name = gpuBEEPSTests;
			productName = gpuBEEPSTests;
			productReference = 5493F5D41C0FE1A500B6E033 /* gpuBEEPSTests.xctest */;
			productType = "com.apple.product-type.bundle.unit-test";
		};
		5493F5DE1C0FE1A500B6E033 /* gpuBEEPSUITests */ = {
			isa = PBXNativeTarget;
			buildConfigurationList = 5493F5EE1C0FE1A500B6E033 /* Build configuration list for PBXNativeTarget "gpuBEEPSUITests" */;
			buildPhases = (
				5493F5DB1C0FE1A500B6E033 /* Sources */,
				5493F5DC1C0FE1A500B6E033 /* Frameworks */,
				5493F5DD1C0FE1A500B6E033 /* Resources */,
			);
			buildRules = (
			);
			dependencies = (
				5493F5E11C0FE1A500B6E033 /* PBXTargetDependency */,
			);
			name = gpuBEEPSUITests;
			productName = gpuBEEPSUITests;
			productReference = 5493F5DF1C0FE1A500B6E033 /* gpuBEEPSUITests.xctest */;
			productType = "com.apple.product-type.bundle.ui-testing";
		};
/* End PBXNativeTarget section */

/* Begin PBXProject section */
		5493F5B31C0FE1A500B6E033 /* Project object */ = {
			isa = PBXProject;
			attributes = {
				LastUpgradeCheck = 0710;
				ORGANIZATIONNAME = clover;
				TargetAttributes = {
					5493F5BA1C0FE1A500B6E033 = {
						CreatedOnToolsVersion = 7.1;
					};
					5493F5D31C0FE1A500B6E033 = {
						CreatedOnToolsVersion = 7.1;
						TestTargetID = 5493F5BA1C0FE1A500B6E033;
					};
					5493F5DE1C0FE1A500B6E033 = {
						CreatedOnToolsVersion = 7.1;
						TestTargetID = 5493F5BA1C0FE1A500B6E033;
					};
				};
			};
			buildConfigurationList = 5493F5B61C0FE1A500B6E033 /* Build configuration list for PBXProject "gpuBEEPS" */;
			compatibilityVersion = "Xcode 3.2";
			developmentRegion = English;
			hasScannedForEncodings = 0;
			knownRegions = (
				en,
				Base,
			);
			mainGroup = 5493F5B21C0FE1A500B6E033;
			productRefGroup = 5493F5BC1C0FE1A500B6E033 /* Products */;
			projectDirPath = "";
			projectRoot = "";
			targets = (
				5493F5BA1C0FE1A500B6E033 /* gpuBEEPS */,
				5493F5D31C0FE1A500B6E033 /* gpuBEEPSTests */,
				5493F5DE1C0FE1A500B6E033 /* gpuBEEPSUITests */,
			);
		};
/* End PBXProject section */

/* Begin PBXResourcesBuildPhase section */
		5493F5B91C0FE1A500B6E033 /* Resources */ = {
			isa = PBXResourcesBuildPhase;
			buildActionMask = 2147483647;
			files = (
				5493F5CE1C0FE1A500B6E033 /* LaunchScreen.storyboard in Resources */,
				5493F5CB1C0FE1A500B6E033 /* Assets.xcassets in Resources */,
				5493F5C91C0FE1A500B6E033 /* Main.storyboard in Resources */,
			);
			runOnlyForDeploymentPostprocessing = 0;
		};
		5493F5D21C0FE1A500B6E033 /* Resources */ = {
			isa = PBXResourcesBuildPhase;
			buildActionMask = 2147483647;
			files = (
			);
			runOnlyForDeploymentPostprocessing = 0;
		};
		5493F5DD1C0FE1A500B6E033 /* Resources */ = {
			isa = PBXResourcesBuildPhase;
			buildActionMask = 2147483647;
			files = (
			);
			runOnlyForDeploymentPostprocessing = 0;
		};
/* End PBXResourcesBuildPhase section */

/* Begin PBXSourcesBuildPhase section */
		5493F5B71C0FE1A500B6E033 /* Sources */ = {
			isa = PBXSourcesBuildPhase;
			buildActionMask = 2147483647;
			files = (
				5493F5C61C0FE1A500B6E033 /* ViewController.m in Sources */,
				5493F5C31C0FE1A500B6E033 /* AppDelegate.m in Sources */,
				5493F5C01C0FE1A500B6E033 /* main.m in Sources */,
			);
			runOnlyForDeploymentPostprocessing = 0;
		};
		5493F5D01C0FE1A500B6E033 /* Sources */ = {
			isa = PBXSourcesBuildPhase;
			buildActionMask = 2147483647;
			files = (
				5493F5D91C0FE1A500B6E033 /* gpuBEEPSTests.m in Sources */,
			);
			runOnlyForDeploymentPostprocessing = 0;
		};
		5493F5DB1C0FE1A500B6E033 /* Sources */ = {
			isa = PBXSourcesBuildPhase;
			buildActionMask = 2147483647;
			files = (
				5493F5E41C0FE1A500B6E033 /* gpuBEEPSUITests.m in Sources */,
			);
			runOnlyForDeploymentPostprocessing = 0;
		};
/* End PBXSourcesBuildPhase section */

/* Begin PBXTargetDependency section */
		5493F5D61C0FE1A500B6E033 /* PBXTargetDependency */ = {
			isa = PBXTargetDependency;
			target = 5493F5BA1C0FE1A500B6E033 /* gpuBEEPS */;
			targetProxy = 5493F5D51C0FE1A500B6E033 /* PBXContainerItemProxy */;
		};
		5493F5E11C0FE1A500B6E033 /* PBXTargetDependency */ = {
			isa = PBXTargetDependency;
			target = 5493F5BA1C0FE1A500B6E033 /* gpuBEEPS */;
			targetProxy = 5493F5E01C0FE1A500B6E033 /* PBXContainerItemProxy */;
		};
/* End PBXTargetDependency section */

/* Begin PBXVariantGroup section */
		5493F5C71C0FE1A500B6E033 /* Main.storyboard */ = {
			isa = PBXVariantGroup;
			children = (
				5493F5C81C0FE1A500B6E033 /* Base */,
			);
			name = Main.storyboard;
			sourceTree = "<group>";
		};
		5493F5CC1C0FE1A500B6E033 /* LaunchScreen.storyboard */ = {
			isa = PBXVariantGroup;
			children = (
				5493F5CD1C0FE1A500B6E033 /* Base */,
			);
			name = LaunchScreen.storyboard;
			sourceTree = "<group>";
		};
/* End PBXVariantGroup section */

/* Begin XCBuildConfiguration section */
		5493F5E61C0FE1A500B6E033 /* Debug */ = {
			isa = XCBuildConfiguration;
			buildSettings = {
				ALWAYS_SEARCH_USER_PATHS = NO;
				CLANG_CXX_LANGUAGE_STANDARD = "gnu++0x";
				CLANG_CXX_LIBRARY = "libc++";
				CLANG_ENABLE_MODULES = YES;
				CLANG_ENABLE_OBJC_ARC = YES;
				CLANG_WARN_BOOL_CONVERSION = YES;
				CLANG_WARN_CONSTANT_CONVERSION = YES;
				CLANG_WARN_DIRECT_OBJC_ISA_USAGE = YES_ERROR;
				CLANG_WARN_EMPTY_BODY = YES;
				CLANG_WARN_ENUM_CONVERSION = YES;
				CLANG_WARN_INT_CONVERSION = YES;
				CLANG_WARN_OBJC_ROOT_CLASS = YES_ERROR;
				CLANG_WARN_UNREACHABLE_CODE = YES;
				CLANG_WARN__DUPLICATE_METHOD_MATCH = YES;
				"CODE_SIGN_IDENTITY[sdk=iphoneos*]" = "iPhone Developer";
				COPY_PHASE_STRIP = NO;
				DEBUG_INFORMATION_FORMAT = dwarf;
				ENABLE_STRICT_OBJC_MSGSEND = YES;
				ENABLE_TESTABILITY = YES;
				GCC_C_LANGUAGE_STANDARD = gnu99;
				GCC_DYNAMIC_NO_PIC = NO;
				GCC_NO_COMMON_BLOCKS = YES;
				GCC_OPTIMIZATION_LEVEL = 0;
				GCC_PREPROCESSOR_DEFINITIONS = (
					"DEBUG=1",
					"$(inherited)",
				);
				GCC_WARN_64_TO_32_BIT_CONVERSION = YES;
				GCC_WARN_ABOUT_RETURN_TYPE = YES_ERROR;
				GCC_WARN_UNDECLARED_SELECTOR = YES;
				GCC_WARN_UNINITIALIZED_AUTOS = YES_AGGRESSIVE;
				GCC_WARN_UNUSED_FUNCTION = YES;
				GCC_WARN_UNUSED_VARIABLE = YES;
				IPHONEOS_DEPLOYMENT_TARGET = 9.1;
				MTL_ENABLE_DEBUG_INFO = YES;
				ONLY_ACTIVE_ARCH = YES;
				SDKROOT = iphoneos;
				TARGETED_DEVICE_FAMILY = "1,2";
			};
			name = Debug;
		};
		5493F5E71C0FE1A500B6E033 /* Release */ = {
			isa = XCBuildConfiguration;
			buildSettings = {
				ALWAYS_SEARCH_USER_PATHS = NO;
				CLANG_CXX_LANGUAGE_STANDARD = "gnu++0x";
				CLANG_CXX_LIBRARY = "libc++";
				CLANG_ENABLE_MODULES = YES;
				CLANG_ENABLE_OBJC_ARC = YES;
				CLANG_WARN_BOOL_CONVERSION = YES;
				CLANG_WARN_CONSTANT_CONVERSION = YES;
				CLANG_WARN_DIRECT_OBJC_ISA_USAGE = YES_ERROR;
				CLANG_WARN_EMPTY_BODY = YES;
				CLANG_WARN_ENUM_CONVERSION = YES;
				CLANG_WARN_INT_CONVERSION = YES;
				CLANG_WARN_OBJC_ROOT_CLASS = YES_ERROR;
				CLANG_WARN_UNREACHABLE_CODE = YES;
				CLANG_WARN__DUPLICATE_METHOD_MATCH = YES;
				"CODE_SIGN_IDENTITY[sdk=iphoneos*]" = "iPhone Developer";
				COPY_PHASE_STRIP = NO;
				DEBUG_INFORMATION_FORMAT = "dwarf-with-dsym";
				ENABLE_NS_ASSERTIONS = NO;
				ENABLE_STRICT_OBJC_MSGSEND = YES;
				GCC_C_LANGUAGE_STANDARD = gnu99;
				GCC_NO_COMMON_BLOCKS = YES;
				GCC_WARN_64_TO_32_BIT_CONVERSION = YES;
				GCC_WARN_ABOUT_RETURN_TYPE = YES_ERROR;
				GCC_WARN_UNDECLARED_SELECTOR = YES;
				GCC_WARN_UNINITIALIZED_AUTOS = YES_AGGRESSIVE;
				GCC_WARN_UNUSED_FUNCTION = YES;
				GCC_WARN_UNUSED_VARIABLE = YES;
				IPHONEOS_DEPLOYMENT_TARGET = 9.1;
				MTL_ENABLE_DEBUG_INFO = NO;
				SDKROOT = iphoneos;
				TARGETED_DEVICE_FAMILY = "1,2";
				VALIDATE_PRODUCT = YES;
			};
			name = Release;
		};
		5493F5E91C0FE1A500B6E033 /* Debug */ = {
			isa = XCBuildConfiguration;
			buildSettings = {
				ASSETCATALOG_COMPILER_APPICON_NAME = AppIcon;
				INFOPLIST_FILE = gpuBEEPS/Info.plist;
				LD_RUNPATH_SEARCH_PATHS = "$(inherited) @executable_path/Frameworks";
				PRODUCT_BUNDLE_IDENTIFIER = clover.gpuBEEPS;
				PRODUCT_NAME = "$(TARGET_NAME)";
			};
			name = Debug;
		};
		5493F5EA1C0FE1A500B6E033 /* Release */ = {
			isa = XCBuildConfiguration;
			buildSettings = {
				ASSETCATALOG_COMPILER_APPICON_NAME = AppIcon;
				INFOPLIST_FILE = gpuBEEPS/Info.plist;
				LD_RUNPATH_SEARCH_PATHS = "$(inherited) @executable_path/Frameworks";
				PRODUCT_BUNDLE_IDENTIFIER = clover.gpuBEEPS;
				PRODUCT_NAME = "$(TARGET_NAME)";
			};
			name = Release;
		};
		5493F5EC1C0FE1A500B6E033 /* Debug */ = {
			isa = XCBuildConfiguration;
			buildSettings = {
				BUNDLE_LOADER = "$(TEST_HOST)";
				INFOPLIST_FILE = gpuBEEPSTests/Info.plist;
				LD_RUNPATH_SEARCH_PATHS = "$(inherited) @executable_path/Frameworks @loader_path/Frameworks";
				PRODUCT_BUNDLE_IDENTIFIER = clover.gpuBEEPSTests;
				PRODUCT_NAME = "$(TARGET_NAME)";
				TEST_HOST = "$(BUILT_PRODUCTS_DIR)/gpuBEEPS.app/gpuBEEPS";
			};
			name = Debug;
		};
		5493F5ED1C0FE1A500B6E033 /* Release */ = {
			isa = XCBuildConfiguration;
			buildSettings = {
				BUNDLE_LOADER = "$(TEST_HOST)";
				INFOPLIST_FILE = gpuBEEPSTests/Info.plist;
				LD_RUNPATH_SEARCH_PATHS = "$(inherited) @executable_path/Frameworks @loader_path/Frameworks";
				PRODUCT_BUNDLE_IDENTIFIER = clover.gpuBEEPSTests;
				PRODUCT_NAME = "$(TARGET_NAME)";
				TEST_HOST = "$(BUILT_PRODUCTS_DIR)/gpuBEEPS.app/gpuBEEPS";
			};
			name = Release;
		};
		5493F5EF1C0FE1A500B6E033 /* Debug */ = {
			isa = XCBuildConfiguration;
			buildSettings = {
				INFOPLIST_FILE = gpuBEEPSUITests/Info.plist;
				LD_RUNPATH_SEARCH_PATHS = "$(inherited) @executable_path/Frameworks @loader_path/Frameworks";
				PRODUCT_BUNDLE_IDENTIFIER = clover.gpuBEEPSUITests;
				PRODUCT_NAME = "$(TARGET_NAME)";
				TEST_TARGET_NAME = gpuBEEPS;
				USES_XCTRUNNER = YES;
			};
			name = Debug;
		};
		5493F5F01C0FE1A500B6E033 /* Release */ = {
			isa = XCBuildConfiguration;
			buildSettings = {
				INFOPLIST_FILE = gpuBEEPSUITests/Info.plist;
				LD_RUNPATH_SEARCH_PATHS = "$(inherited) @executable_path/Frameworks @loader_path/Frameworks";
				PRODUCT_BUNDLE_IDENTIFIER = clover.gpuBEEPSUITests;
				PRODUCT_NAME = "$(TARGET_NAME)";
				TEST_TARGET_NAME = gpuBEEPS;
				USES_XCTRUNNER = YES;
			};
			name = Release;
		};
/* End XCBuildConfiguration section */

/* Begin XCConfigurationList section */
		5493F5B61C0FE1A500B6E033 /* Build configuration list for PBXProject "gpuBEEPS" */ = {
			isa = XCConfigurationList;
			buildConfigurations = (
				5493F5E61C0FE1A500B6E033 /* Debug */,
				5493F5E71C0FE1A500B6E033 /* Release */,
			);
			defaultConfigurationIsVisible = 0;
			defaultConfigurationName = Release;
		};
		5493F5E81C0FE1A500B6E033 /* Build configuration list for PBXNativeTarget "gpuBEEPS" */ = {
			isa = XCConfigurationList;
			buildConfigurations = (
				5493F5E91C0FE1A500B6E033 /* Debug */,
				5493F5EA1C0FE1A500B6E033 /* Release */,
			);
			defaultConfigurationIsVisible = 0;
		};
		5493F5EB1C0FE1A500B6E033 /* Build configuration list for PBXNativeTarget "gpuBEEPSTests" */ = {
			isa = XCConfigurationList;
			buildConfigurations = (
				5493F5EC1C0FE1A500B6E033 /* Debug */,
				5493F5ED1C0FE1A500B6E033 /* Release */,
			);
			defaultConfigurationIsVisible = 0;
		};
		5493F5EE1C0FE1A500B6E033 /* Build configuration list for PBXNativeTarget "gpuBEEPSUITests" */ = {
			isa = XCConfigurationList;
			buildConfigurations = (
				5493F5EF1C0FE1A500B6E033 /* Debug */,
				5493F5F01C0FE1A500B6E033 /* Release */,
			);
			defaultConfigurationIsVisible = 0;
		};
/* End XCConfigurationList section */
	};
	rootObject = 5493F5B31C0FE1A500B6E033 /* Project object */;
}
